// !$*UTF8*$!
{
	archiveVersion = 1;
	classes = {
	};
	objectVersion = 51;
	objects = {

/* Begin PBXBuildFile section */
		07E54D8A25BFB10700F49FA0 /* AppDelegate.m in Sources */ = {isa = PBXBuildFile; fileRef = 07E54D8925BFB10700F49FA0 /* AppDelegate.m */; };
		07E54D9025BFB10700F49FA0 /* ViewController.m in Sources */ = {isa = PBXBuildFile; fileRef = 07E54D8F25BFB10700F49FA0 /* ViewController.m */; };
		07E54D9325BFB10700F49FA0 /* Main.storyboard in Resources */ = {isa = PBXBuildFile; fileRef = 07E54D9125BFB10700F49FA0 /* Main.storyboard */; };
		07E54D9525BFB10A00F49FA0 /* Assets.xcassets in Resources */ = {isa = PBXBuildFile; fileRef = 07E54D9425BFB10A00F49FA0 /* Assets.xcassets */; };
		07E54D9825BFB10A00F49FA0 /* LaunchScreen.storyboard in Resources */ = {isa = PBXBuildFile; fileRef = 07E54D9625BFB10A00F49FA0 /* LaunchScreen.storyboard */; };
		07E54D9B25BFB10A00F49FA0 /* main.m in Sources */ = {isa = PBXBuildFile; fileRef = 07E54D9A25BFB10A00F49FA0 /* main.m */; };
		07E54E0225C019B500F49FA0 /* UIView+ARExtension.m in Sources */ = {isa = PBXBuildFile; fileRef = 07E54E0125C019B500F49FA0 /* UIView+ARExtension.m */; };
		07E54E0625C01A9100F49FA0 /* ARHomeViewController.m in Sources */ = {isa = PBXBuildFile; fileRef = 07E54E0525C01A9100F49FA0 /* ARHomeViewController.m */; };
		07E54E0A25C01AA100F49FA0 /* ARRoomViewController.m in Sources */ = {isa = PBXBuildFile; fileRef = 07E54E0925C01AA100F49FA0 /* ARRoomViewController.m */; };
		07E54E0E25C01D9D00F49FA0 /* ARPeopleCell.m in Sources */ = {isa = PBXBuildFile; fileRef = 07E54E0D25C01D9D00F49FA0 /* ARPeopleCell.m */; };
		07E54E1225C01DAF00F49FA0 /* ARUserModel.m in Sources */ = {isa = PBXBuildFile; fileRef = 07E54E1125C01DAF00F49FA0 /* ARUserModel.m */; };
		336ABFFAA44FE84F0F4B4BF7 /* Pods_AR_iOS_VoiceLive_Base.framework in Frameworks */ = {isa = PBXBuildFile; fileRef = B00C97969099D1DF33A62B3E /* Pods_AR_iOS_VoiceLive_Base.framework */; };
/* End PBXBuildFile section */

/* Begin PBXFileReference section */
		07E54D8525BFB10700F49FA0 /* AR-iOS-VoiceLive-Base.app */ = {isa = PBXFileReference; explicitFileType = wrapper.application; includeInIndex = 0; path = "AR-iOS-VoiceLive-Base.app"; sourceTree = BUILT_PRODUCTS_DIR; };
		07E54D8825BFB10700F49FA0 /* AppDelegate.h */ = {isa = PBXFileReference; lastKnownFileType = sourcecode.c.h; path = AppDelegate.h; sourceTree = "<group>"; };
		07E54D8925BFB10700F49FA0 /* AppDelegate.m */ = {isa = PBXFileReference; lastKnownFileType = sourcecode.c.objc; path = AppDelegate.m; sourceTree = "<group>"; };
		07E54D8E25BFB10700F49FA0 /* ViewController.h */ = {isa = PBXFileReference; lastKnownFileType = sourcecode.c.h; path = ViewController.h; sourceTree = "<group>"; };
		07E54D8F25BFB10700F49FA0 /* ViewController.m */ = {isa = PBXFileReference; lastKnownFileType = sourcecode.c.objc; path = ViewController.m; sourceTree = "<group>"; };
		07E54D9225BFB10700F49FA0 /* Base */ = {isa = PBXFileReference; lastKnownFileType = file.storyboard; name = Base; path = Base.lproj/Main.storyboard; sourceTree = "<group>"; };
		07E54D9425BFB10A00F49FA0 /* Assets.xcassets */ = {isa = PBXFileReference; lastKnownFileType = folder.assetcatalog; path = Assets.xcassets; sourceTree = "<group>"; };
		07E54D9725BFB10A00F49FA0 /* Base */ = {isa = PBXFileReference; lastKnownFileType = file.storyboard; name = Base; path = Base.lproj/LaunchScreen.storyboard; sourceTree = "<group>"; };
		07E54D9925BFB10A00F49FA0 /* Info.plist */ = {isa = PBXFileReference; lastKnownFileType = text.plist.xml; path = Info.plist; sourceTree = "<group>"; };
		07E54D9A25BFB10A00F49FA0 /* main.m */ = {isa = PBXFileReference; lastKnownFileType = sourcecode.c.objc; path = main.m; sourceTree = "<group>"; };
		07E54E0025C019B500F49FA0 /* UIView+ARExtension.h */ = {isa = PBXFileReference; fileEncoding = 4; lastKnownFileType = sourcecode.c.h; path = "UIView+ARExtension.h"; sourceTree = "<group>"; };
		07E54E0125C019B500F49FA0 /* UIView+ARExtension.m */ = {isa = PBXFileReference; fileEncoding = 4; lastKnownFileType = sourcecode.c.objc; path = "UIView+ARExtension.m"; sourceTree = "<group>"; };
		07E54E0425C01A9100F49FA0 /* ARHomeViewController.h */ = {isa = PBXFileReference; lastKnownFileType = sourcecode.c.h; path = ARHomeViewController.h; sourceTree = "<group>"; };
		07E54E0525C01A9100F49FA0 /* ARHomeViewController.m */ = {isa = PBXFileReference; lastKnownFileType = sourcecode.c.objc; path = ARHomeViewController.m; sourceTree = "<group>"; };
		07E54E0825C01AA100F49FA0 /* ARRoomViewController.h */ = {isa = PBXFileReference; lastKnownFileType = sourcecode.c.h; path = ARRoomViewController.h; sourceTree = "<group>"; };
		07E54E0925C01AA100F49FA0 /* ARRoomViewController.m */ = {isa = PBXFileReference; lastKnownFileType = sourcecode.c.objc; path = ARRoomViewController.m; sourceTree = "<group>"; };
		07E54E0C25C01D9D00F49FA0 /* ARPeopleCell.h */ = {isa = PBXFileReference; lastKnownFileType = sourcecode.c.h; path = ARPeopleCell.h; sourceTree = "<group>"; };
		07E54E0D25C01D9D00F49FA0 /* ARPeopleCell.m */ = {isa = PBXFileReference; lastKnownFileType = sourcecode.c.objc; path = ARPeopleCell.m; sourceTree = "<group>"; };
		07E54E1025C01DAF00F49FA0 /* ARUserModel.h */ = {isa = PBXFileReference; lastKnownFileType = sourcecode.c.h; path = ARUserModel.h; sourceTree = "<group>"; };
		07E54E1125C01DAF00F49FA0 /* ARUserModel.m */ = {isa = PBXFileReference; lastKnownFileType = sourcecode.c.objc; path = ARUserModel.m; sourceTree = "<group>"; };
		07E54E8025C0233700F49FA0 /* ARPrefixHeader.pch */ = {isa = PBXFileReference; fileEncoding = 4; lastKnownFileType = sourcecode.c.h; path = ARPrefixHeader.pch; sourceTree = "<group>"; };
		07E54E8125C0233700F49FA0 /* ARConstanst.h */ = {isa = PBXFileReference; fileEncoding = 4; lastKnownFileType = sourcecode.c.h; path = ARConstanst.h; sourceTree = "<group>"; };
		4A071613D09BC93EF6BBBDCB /* Pods-AR-iOS-VoiceLive-Base.release.xcconfig */ = {isa = PBXFileReference; includeInIndex = 1; lastKnownFileType = text.xcconfig; name = "Pods-AR-iOS-VoiceLive-Base.release.xcconfig"; path = "Target Support Files/Pods-AR-iOS-VoiceLive-Base/Pods-AR-iOS-VoiceLive-Base.release.xcconfig"; sourceTree = "<group>"; };
		B00C97969099D1DF33A62B3E /* Pods_AR_iOS_VoiceLive_Base.framework */ = {isa = PBXFileReference; explicitFileType = wrapper.framework; includeInIndex = 0; path = Pods_AR_iOS_VoiceLive_Base.framework; sourceTree = BUILT_PRODUCTS_DIR; };
		DEF555012ADB806B85BB2825 /* Pods-AR-iOS-VoiceLive-Base.debug.xcconfig */ = {isa = PBXFileReference; includeInIndex = 1; lastKnownFileType = text.xcconfig; name = "Pods-AR-iOS-VoiceLive-Base.debug.xcconfig"; path = "Target Support Files/Pods-AR-iOS-VoiceLive-Base/Pods-AR-iOS-VoiceLive-Base.debug.xcconfig"; sourceTree = "<group>"; };
/* End PBXFileReference section */

/* Begin PBXFrameworksBuildPhase section */
		07E54D8225BFB10700F49FA0 /* Frameworks */ = {
			isa = PBXFrameworksBuildPhase;
			buildActionMask = 2147483647;
			files = (
				336ABFFAA44FE84F0F4B4BF7 /* Pods_AR_iOS_VoiceLive_Base.framework in Frameworks */,
			);
			runOnlyForDeploymentPostprocessing = 0;
		};
/* End PBXFrameworksBuildPhase section */

/* Begin PBXGroup section */
		07E54D7C25BFB10700F49FA0 = {
			isa = PBXGroup;
			children = (
				07E54D8725BFB10700F49FA0 /* AR-iOS-VoiceLive-Base */,
				07E54D8625BFB10700F49FA0 /* Products */,
				CF9BBD4C22923367D637AE80 /* Pods */,
				12E4CF5B07F4E1080A0A848D /* Frameworks */,
			);
			sourceTree = "<group>";
		};
		07E54D8625BFB10700F49FA0 /* Products */ = {
			isa = PBXGroup;
			children = (
				07E54D8525BFB10700F49FA0 /* AR-iOS-VoiceLive-Base.app */,
			);
			name = Products;
			sourceTree = "<group>";
		};
		07E54D8725BFB10700F49FA0 /* AR-iOS-VoiceLive-Base */ = {
			isa = PBXGroup;
			children = (
				07E54DFF25C0148000F49FA0 /* Main */,
				07E54DFE25C0147900F49FA0 /* CustomClass */,
				07E54D8825BFB10700F49FA0 /* AppDelegate.h */,
				07E54D8925BFB10700F49FA0 /* AppDelegate.m */,
				07E54D8E25BFB10700F49FA0 /* ViewController.h */,
				07E54D8F25BFB10700F49FA0 /* ViewController.m */,
				07E54E8125C0233700F49FA0 /* ARConstanst.h */,
				07E54E8025C0233700F49FA0 /* ARPrefixHeader.pch */,
				07E54D9125BFB10700F49FA0 /* Main.storyboard */,
				07E54D9425BFB10A00F49FA0 /* Assets.xcassets */,
				07E54D9625BFB10A00F49FA0 /* LaunchScreen.storyboard */,
				07E54D9925BFB10A00F49FA0 /* Info.plist */,
				07E54D9A25BFB10A00F49FA0 /* main.m */,
			);
			path = "AR-iOS-VoiceLive-Base";
			sourceTree = "<group>";
		};
		07E54DFE25C0147900F49FA0 /* CustomClass */ = {
			isa = PBXGroup;
			children = (
				07E54E0025C019B500F49FA0 /* UIView+ARExtension.h */,
				07E54E0125C019B500F49FA0 /* UIView+ARExtension.m */,
			);
			path = CustomClass;
			sourceTree = "<group>";
		};
		07E54DFF25C0148000F49FA0 /* Main */ = {
			isa = PBXGroup;
			children = (
				07E54E0425C01A9100F49FA0 /* ARHomeViewController.h */,
				07E54E0525C01A9100F49FA0 /* ARHomeViewController.m */,
				07E54E0825C01AA100F49FA0 /* ARRoomViewController.h */,
				07E54E0925C01AA100F49FA0 /* ARRoomViewController.m */,
				07E54E1025C01DAF00F49FA0 /* ARUserModel.h */,
				07E54E1125C01DAF00F49FA0 /* ARUserModel.m */,
				07E54E0C25C01D9D00F49FA0 /* ARPeopleCell.h */,
				07E54E0D25C01D9D00F49FA0 /* ARPeopleCell.m */,
			);
			path = Main;
			sourceTree = "<group>";
		};
		12E4CF5B07F4E1080A0A848D /* Frameworks */ = {
			isa = PBXGroup;
			children = (
				B00C97969099D1DF33A62B3E /* Pods_AR_iOS_VoiceLive_Base.framework */,
			);
			name = Frameworks;
			sourceTree = "<group>";
		};
		CF9BBD4C22923367D637AE80 /* Pods */ = {
			isa = PBXGroup;
			children = (
				DEF555012ADB806B85BB2825 /* Pods-AR-iOS-VoiceLive-Base.debug.xcconfig */,
				4A071613D09BC93EF6BBBDCB /* Pods-AR-iOS-VoiceLive-Base.release.xcconfig */,
			);
			path = Pods;
			sourceTree = "<group>";
		};
/* End PBXGroup section */

/* Begin PBXNativeTarget section */
		07E54D8425BFB10700F49FA0 /* AR-iOS-VoiceLive-Base */ = {
			isa = PBXNativeTarget;
			buildConfigurationList = 07E54D9E25BFB10A00F49FA0 /* Build configuration list for PBXNativeTarget "AR-iOS-VoiceLive-Base" */;
			buildPhases = (
				23B081847F131EE8800CC272 /* [CP] Check Pods Manifest.lock */,
				07E54D8125BFB10700F49FA0 /* Sources */,
				07E54D8225BFB10700F49FA0 /* Frameworks */,
				07E54D8325BFB10700F49FA0 /* Resources */,
				F50FEBF8A7D758DBDF4714C7 /* [CP] Embed Pods Frameworks */,
			);
			buildRules = (
			);
			dependencies = (
			);
			name = "AR-iOS-VoiceLive-Base";
			productName = "AR-iOS-VoiceLive-Base";
			productReference = 07E54D8525BFB10700F49FA0 /* AR-iOS-VoiceLive-Base.app */;
			productType = "com.apple.product-type.application";
		};
/* End PBXNativeTarget section */

/* Begin PBXProject section */
		07E54D7D25BFB10700F49FA0 /* Project object */ = {
			isa = PBXProject;
			attributes = {
				LastUpgradeCheck = 1230;
				TargetAttributes = {
					07E54D8425BFB10700F49FA0 = {
						CreatedOnToolsVersion = 12.3;
					};
				};
			};
			buildConfigurationList = 07E54D8025BFB10700F49FA0 /* Build configuration list for PBXProject "AR-iOS-VoiceLive-Base" */;
			compatibilityVersion = "Xcode 9.3";
			developmentRegion = en;
			hasScannedForEncodings = 0;
			knownRegions = (
				en,
				Base,
			);
			mainGroup = 07E54D7C25BFB10700F49FA0;
			productRefGroup = 07E54D8625BFB10700F49FA0 /* Products */;
			projectDirPath = "";
			projectRoot = "";
			targets = (
				07E54D8425BFB10700F49FA0 /* AR-iOS-VoiceLive-Base */,
			);
		};
/* End PBXProject section */

/* Begin PBXResourcesBuildPhase section */
		07E54D8325BFB10700F49FA0 /* Resources */ = {
			isa = PBXResourcesBuildPhase;
			buildActionMask = 2147483647;
			files = (
				07E54D9825BFB10A00F49FA0 /* LaunchScreen.storyboard in Resources */,
				07E54D9525BFB10A00F49FA0 /* Assets.xcassets in Resources */,
				07E54D9325BFB10700F49FA0 /* Main.storyboard in Resources */,
			);
			runOnlyForDeploymentPostprocessing = 0;
		};
/* End PBXResourcesBuildPhase section */

/* Begin PBXShellScriptBuildPhase section */
		23B081847F131EE8800CC272 /* [CP] Check Pods Manifest.lock */ = {
			isa = PBXShellScriptBuildPhase;
			buildActionMask = 2147483647;
			files = (
			);
			inputFileListPaths = (
			);
			inputPaths = (
				"${PODS_PODFILE_DIR_PATH}/Podfile.lock",
				"${PODS_ROOT}/Manifest.lock",
			);
			name = "[CP] Check Pods Manifest.lock";
			outputFileListPaths = (
			);
			outputPaths = (
				"$(DERIVED_FILE_DIR)/Pods-AR-iOS-VoiceLive-Base-checkManifestLockResult.txt",
			);
			runOnlyForDeploymentPostprocessing = 0;
			shellPath = /bin/sh;
			shellScript = "diff \"${PODS_PODFILE_DIR_PATH}/Podfile.lock\" \"${PODS_ROOT}/Manifest.lock\" > /dev/null\nif [ $? != 0 ] ; then\n    # print error to STDERR\n    echo \"error: The sandbox is not in sync with the Podfile.lock. Run 'pod install' or update your CocoaPods installation.\" >&2\n    exit 1\nfi\n# This output is used by Xcode 'outputs' to avoid re-running this script phase.\necho \"SUCCESS\" > \"${SCRIPT_OUTPUT_FILE_0}\"\n";
			showEnvVarsInLog = 0;
		};
		F50FEBF8A7D758DBDF4714C7 /* [CP] Embed Pods Frameworks */ = {
			isa = PBXShellScriptBuildPhase;
			buildActionMask = 2147483647;
			files = (
			);
			inputFileListPaths = (
				"${PODS_ROOT}/Target Support Files/Pods-AR-iOS-VoiceLive-Base/Pods-AR-iOS-VoiceLive-Base-frameworks-${CONFIGURATION}-input-files.xcfilelist",
			);
			name = "[CP] Embed Pods Frameworks";
			outputFileListPaths = (
				"${PODS_ROOT}/Target Support Files/Pods-AR-iOS-VoiceLive-Base/Pods-AR-iOS-VoiceLive-Base-frameworks-${CONFIGURATION}-output-files.xcfilelist",
			);
			runOnlyForDeploymentPostprocessing = 0;
			shellPath = /bin/sh;
			shellScript = "\"${PODS_ROOT}/Target Support Files/Pods-AR-iOS-VoiceLive-Base/Pods-AR-iOS-VoiceLive-Base-frameworks.sh\"\n";
			showEnvVarsInLog = 0;
		};
/* End PBXShellScriptBuildPhase section */

/* Begin PBXSourcesBuildPhase section */
		07E54D8125BFB10700F49FA0 /* Sources */ = {
			isa = PBXSourcesBuildPhase;
			buildActionMask = 2147483647;
			files = (
				07E54D9025BFB10700F49FA0 /* ViewController.m in Sources */,
				07E54E0E25C01D9D00F49FA0 /* ARPeopleCell.m in Sources */,
				07E54E0A25C01AA100F49FA0 /* ARRoomViewController.m in Sources */,
				07E54D8A25BFB10700F49FA0 /* AppDelegate.m in Sources */,
				07E54D9B25BFB10A00F49FA0 /* main.m in Sources */,
				07E54E0625C01A9100F49FA0 /* ARHomeViewController.m in Sources */,
				07E54E1225C01DAF00F49FA0 /* ARUserModel.m in Sources */,
				07E54E0225C019B500F49FA0 /* UIView+ARExtension.m in Sources */,
			);
			runOnlyForDeploymentPostprocessing = 0;
		};
/* End PBXSourcesBuildPhase section */

/* Begin PBXVariantGroup section */
		07E54D9125BFB10700F49FA0 /* Main.storyboard */ = {
			isa = PBXVariantGroup;
			children = (
				07E54D9225BFB10700F49FA0 /* Base */,
			);
			name = Main.storyboard;
			sourceTree = "<group>";
		};
		07E54D9625BFB10A00F49FA0 /* LaunchScreen.storyboard */ = {
			isa = PBXVariantGroup;
			children = (
				07E54D9725BFB10A00F49FA0 /* Base */,
			);
			name = LaunchScreen.storyboard;
			sourceTree = "<group>";
		};
/* End PBXVariantGroup section */

/* Begin XCBuildConfiguration section */
		07E54D9C25BFB10A00F49FA0 /* Debug */ = {
			isa = XCBuildConfiguration;
			buildSettings = {
				ALWAYS_SEARCH_USER_PATHS = NO;
				CLANG_ANALYZER_NONNULL = YES;
				CLANG_ANALYZER_NUMBER_OBJECT_CONVERSION = YES_AGGRESSIVE;
				CLANG_CXX_LANGUAGE_STANDARD = "gnu++14";
				CLANG_CXX_LIBRARY = "libc++";
				CLANG_ENABLE_MODULES = YES;
				CLANG_ENABLE_OBJC_ARC = YES;
				CLANG_ENABLE_OBJC_WEAK = YES;
				CLANG_WARN_BLOCK_CAPTURE_AUTORELEASING = YES;
				CLANG_WARN_BOOL_CONVERSION = YES;
				CLANG_WARN_COMMA = YES;
				CLANG_WARN_CONSTANT_CONVERSION = YES;
				CLANG_WARN_DEPRECATED_OBJC_IMPLEMENTATIONS = YES;
				CLANG_WARN_DIRECT_OBJC_ISA_USAGE = YES_ERROR;
				CLANG_WARN_DOCUMENTATION_COMMENTS = YES;
				CLANG_WARN_EMPTY_BODY = YES;
				CLANG_WARN_ENUM_CONVERSION = YES;
				CLANG_WARN_INFINITE_RECURSION = YES;
				CLANG_WARN_INT_CONVERSION = YES;
				CLANG_WARN_NON_LITERAL_NULL_CONVERSION = YES;
				CLANG_WARN_OBJC_IMPLICIT_RETAIN_SELF = YES;
				CLANG_WARN_OBJC_LITERAL_CONVERSION = YES;
				CLANG_WARN_OBJC_ROOT_CLASS = YES_ERROR;
				CLANG_WARN_QUOTED_INCLUDE_IN_FRAMEWORK_HEADER = YES;
				CLANG_WARN_RANGE_LOOP_ANALYSIS = YES;
				CLANG_WARN_STRICT_PROTOTYPES = YES;
				CLANG_WARN_SUSPICIOUS_MOVE = YES;
				CLANG_WARN_UNGUARDED_AVAILABILITY = YES_AGGRESSIVE;
				CLANG_WARN_UNREACHABLE_CODE = YES;
				CLANG_WARN__DUPLICATE_METHOD_MATCH = YES;
				COPY_PHASE_STRIP = NO;
				DEBUG_INFORMATION_FORMAT = dwarf;
				ENABLE_STRICT_OBJC_MSGSEND = YES;
				ENABLE_TESTABILITY = YES;
				GCC_C_LANGUAGE_STANDARD = gnu11;
				GCC_DYNAMIC_NO_PIC = NO;
				GCC_NO_COMMON_BLOCKS = YES;
				GCC_OPTIMIZATION_LEVEL = 0;
				GCC_PREPROCESSOR_DEFINITIONS = (
					"DEBUG=1",
					"$(inherited)",
				);
				GCC_WARN_64_TO_32_BIT_CONVERSION = YES;
				GCC_WARN_ABOUT_RETURN_TYPE = YES_ERROR;
				GCC_WARN_UNDECLARED_SELECTOR = YES;
				GCC_WARN_UNINITIALIZED_AUTOS = YES_AGGRESSIVE;
				GCC_WARN_UNUSED_FUNCTION = YES;
				GCC_WARN_UNUSED_VARIABLE = YES;
				IPHONEOS_DEPLOYMENT_TARGET = 9.0;
				MTL_ENABLE_DEBUG_INFO = INCLUDE_SOURCE;
				MTL_FAST_MATH = YES;
				ONLY_ACTIVE_ARCH = YES;
				SDKROOT = iphoneos;
			};
			name = Debug;
		};
		07E54D9D25BFB10A00F49FA0 /* Release */ = {
			isa = XCBuildConfiguration;
			buildSettings = {
				ALWAYS_SEARCH_USER_PATHS = NO;
				CLANG_ANALYZER_NONNULL = YES;
				CLANG_ANALYZER_NUMBER_OBJECT_CONVERSION = YES_AGGRESSIVE;
				CLANG_CXX_LANGUAGE_STANDARD = "gnu++14";
				CLANG_CXX_LIBRARY = "libc++";
				CLANG_ENABLE_MODULES = YES;
				CLANG_ENABLE_OBJC_ARC = YES;
				CLANG_ENABLE_OBJC_WEAK = YES;
				CLANG_WARN_BLOCK_CAPTURE_AUTORELEASING = YES;
				CLANG_WARN_BOOL_CONVERSION = YES;
				CLANG_WARN_COMMA = YES;
				CLANG_WARN_CONSTANT_CONVERSION = YES;
				CLANG_WARN_DEPRECATED_OBJC_IMPLEMENTATIONS = YES;
				CLANG_WARN_DIRECT_OBJC_ISA_USAGE = YES_ERROR;
				CLANG_WARN_DOCUMENTATION_COMMENTS = YES;
				CLANG_WARN_EMPTY_BODY = YES;
				CLANG_WARN_ENUM_CONVERSION = YES;
				CLANG_WARN_INFINITE_RECURSION = YES;
				CLANG_WARN_INT_CONVERSION = YES;
				CLANG_WARN_NON_LITERAL_NULL_CONVERSION = YES;
				CLANG_WARN_OBJC_IMPLICIT_RETAIN_SELF = YES;
				CLANG_WARN_OBJC_LITERAL_CONVERSION = YES;
				CLANG_WARN_OBJC_ROOT_CLASS = YES_ERROR;
				CLANG_WARN_QUOTED_INCLUDE_IN_FRAMEWORK_HEADER = YES;
				CLANG_WARN_RANGE_LOOP_ANALYSIS = YES;
				CLANG_WARN_STRICT_PROTOTYPES = YES;
				CLANG_WARN_SUSPICIOUS_MOVE = YES;
				CLANG_WARN_UNGUARDED_AVAILABILITY = YES_AGGRESSIVE;
				CLANG_WARN_UNREACHABLE_CODE = YES;
				CLANG_WARN__DUPLICATE_METHOD_MATCH = YES;
				COPY_PHASE_STRIP = NO;
				DEBUG_INFORMATION_FORMAT = "dwarf-with-dsym";
				ENABLE_NS_ASSERTIONS = NO;
				ENABLE_STRICT_OBJC_MSGSEND = YES;
				GCC_C_LANGUAGE_STANDARD = gnu11;
				GCC_NO_COMMON_BLOCKS = YES;
				GCC_WARN_64_TO_32_BIT_CONVERSION = YES;
				GCC_WARN_ABOUT_RETURN_TYPE = YES_ERROR;
				GCC_WARN_UNDECLARED_SELECTOR = YES;
				GCC_WARN_UNINITIALIZED_AUTOS = YES_AGGRESSIVE;
				GCC_WARN_UNUSED_FUNCTION = YES;
				GCC_WARN_UNUSED_VARIABLE = YES;
				IPHONEOS_DEPLOYMENT_TARGET = 9.0;
				MTL_ENABLE_DEBUG_INFO = NO;
				MTL_FAST_MATH = YES;
				SDKROOT = iphoneos;
				VALIDATE_PRODUCT = YES;
			};
			name = Release;
		};
		07E54D9F25BFB10A00F49FA0 /* Debug */ = {
			isa = XCBuildConfiguration;
			baseConfigurationReference = DEF555012ADB806B85BB2825 /* Pods-AR-iOS-VoiceLive-Base.debug.xcconfig */;
			buildSettings = {
				ASSETCATALOG_COMPILER_APPICON_NAME = AppIcon;
				ASSETCATALOG_COMPILER_GLOBAL_ACCENT_COLOR_NAME = AccentColor;
				CODE_SIGN_STYLE = Automatic;
				DEVELOPMENT_TEAM = 5543CP4MRT;
				GCC_PREFIX_HEADER = "$(SRCROOT)/AR-iOS-VoiceLive-Base/ARPrefixHeader.pch";
				INFOPLIST_FILE = "AR-iOS-VoiceLive-Base/Info.plist";
				IPHONEOS_DEPLOYMENT_TARGET = 9.0;
				LD_RUNPATH_SEARCH_PATHS = (
					"$(inherited)",
					"@executable_path/Frameworks",
				);
				PRODUCT_BUNDLE_IDENTIFIER = "";
				PRODUCT_NAME = "$(TARGET_NAME)";
				TARGETED_DEVICE_FAMILY = "1,2";
			};
			name = Debug;
		};
		07E54DA025BFB10A00F49FA0 /* Release */ = {
			isa = XCBuildConfiguration;
			baseConfigurationReference = 4A071613D09BC93EF6BBBDCB /* Pods-AR-iOS-VoiceLive-Base.release.xcconfig */;
			buildSettings = {
				ASSETCATALOG_COMPILER_APPICON_NAME = AppIcon;
				ASSETCATALOG_COMPILER_GLOBAL_ACCENT_COLOR_NAME = AccentColor;
				CODE_SIGN_STYLE = Automatic;
				DEVELOPMENT_TEAM = 5543CP4MRT;
				GCC_PREFIX_HEADER = "$(SRCROOT)/AR-iOS-VoiceLive-Base/ARPrefixHeader.pch";
				INFOPLIST_FILE = "AR-iOS-VoiceLive-Base/Info.plist";
				IPHONEOS_DEPLOYMENT_TARGET = 9.0;
				LD_RUNPATH_SEARCH_PATHS = (
					"$(inherited)",
					"@executable_path/Frameworks",
				);
				PRODUCT_BUNDLE_IDENTIFIER = "";
				PRODUCT_NAME = "$(TARGET_NAME)";
				TARGETED_DEVICE_FAMILY = "1,2";
			};
			name = Release;
		};
/* End XCBuildConfiguration section */

/* Begin XCConfigurationList section */
		07E54D8025BFB10700F49FA0 /* Build configuration list for PBXProject "AR-iOS-VoiceLive-Base" */ = {
			isa = XCConfigurationList;
			buildConfigurations = (
				07E54D9C25BFB10A00F49FA0 /* Debug */,
				07E54D9D25BFB10A00F49FA0 /* Release */,
			);
			defaultConfigurationIsVisible = 0;
			defaultConfigurationName = Release;
		};
		07E54D9E25BFB10A00F49FA0 /* Build configuration list for PBXNativeTarget "AR-iOS-VoiceLive-Base" */ = {
			isa = XCConfigurationList;
			buildConfigurations = (
				07E54D9F25BFB10A00F49FA0 /* Debug */,
				07E54DA025BFB10A00F49FA0 /* Release */,
			);
			defaultConfigurationIsVisible = 0;
			defaultConfigurationName = Release;
		};
/* End XCConfigurationList section */
	};
	rootObject = 07E54D7D25BFB10700F49FA0 /* Project object */;
}
